
Microsoft Visual Studio Solution File, Format Version 12.00
# Visual Studio Version 17
VisualStudioVersion = 17.5.33530.505
MinimumVisualStudioVersion = 10.0.40219.1
Project("{FAE04EC0-301F-11D3-BF4B-00C04F79EFBC}") = "Ejercicio 2 _L1", "Ejercicio 2 _L1\Ejercicio 2 _L1.csproj", "{449EDD6D-3138-4723-9B39-5C3BB7F0876B}"
EndProject
Global
	GlobalSection(SolutionConfigurationPlatforms) = preSolution
		Debug|Any CPU = Debug|Any CPU
		Release|Any CPU = Release|Any CPU
	EndGlobalSection
	GlobalSection(ProjectConfigurationPlatforms) = postSolution
		{449EDD6D-3138-4723-9B39-5C3BB7F0876B}.Debug|Any CPU.ActiveCfg = Debug|Any CPU
		{449EDD6D-3138-4723-9B39-5C3BB7F0876B}.Debug|Any CPU.Build.0 = Debug|Any CPU
		{449EDD6D-3138-4723-9B39-5C3BB7F0876B}.Release|Any CPU.ActiveCfg = Release|Any CPU
		{449EDD6D-3138-4723-9B39-5C3BB7F0876B}.Release|Any CPU.Build.0 = Release|Any CPU
	EndGlobalSection
	GlobalSection(SolutionProperties) = preSolution
		HideSolutionNode = FALSE
	EndGlobalSection
	GlobalSection(ExtensibilityGlobals) = postSolution
		SolutionGuid = {550F9202-0DCC-4F2D-B611-BE61BF04C92A}
	EndGlobalSection
EndGlobal
